
Microsoft Visual Studio Solution File, Format Version 12.00
# Visual Studio Version 17
VisualStudioVersion = 17.11.35327.3
MinimumVisualStudioVersion = 10.0.40219.1
Project("{FAE04EC0-301F-11D3-BF4B-00C04F79EFBC}") = "assign_1_2", "assign_1_2.csproj", "{0E300BBC-0F68-497F-97B4-E8B927D0C09B}"
EndProject
Global
	GlobalSection(SolutionConfigurationPlatforms) = preSolution
		Debug|Any CPU = Debug|Any CPU
		Release|Any CPU = Release|Any CPU
	EndGlobalSection
	GlobalSection(ProjectConfigurationPlatforms) = postSolution
		{0E300BBC-0F68-497F-97B4-E8B927D0C09B}.Debug|Any CPU.ActiveCfg = Debug|Any CPU
		{0E300BBC-0F68-497F-97B4-E8B927D0C09B}.Debug|Any CPU.Build.0 = Debug|Any CPU
		{0E300BBC-0F68-497F-97B4-E8B927D0C09B}.Release|Any CPU.ActiveCfg = Release|Any CPU
		{0E300BBC-0F68-497F-97B4-E8B927D0C09B}.Release|Any CPU.Build.0 = Release|Any CPU
	EndGlobalSection
	GlobalSection(SolutionProperties) = preSolution
		HideSolutionNode = FALSE
	EndGlobalSection
	GlobalSection(ExtensibilityGlobals) = postSolution
		SolutionGuid = {123261AF-DF2E-4DC4-91DD-78071124AA50}
	EndGlobalSection
EndGlobal
