
Microsoft Visual Studio Solution File, Format Version 12.00
# Visual Studio Version 17
VisualStudioVersion = 17.11.35327.3
MinimumVisualStudioVersion = 10.0.40219.1
Project("{FAE04EC0-301F-11D3-BF4B-00C04F79EFBC}") = "Assign_1_4", "Assign_1_4.csproj", "{B8631CC8-24C6-4350-9A25-A42B645622EF}"
EndProject
Global
	GlobalSection(SolutionConfigurationPlatforms) = preSolution
		Debug|Any CPU = Debug|Any CPU
		Release|Any CPU = Release|Any CPU
	EndGlobalSection
	GlobalSection(ProjectConfigurationPlatforms) = postSolution
		{B8631CC8-24C6-4350-9A25-A42B645622EF}.Debug|Any CPU.ActiveCfg = Debug|Any CPU
		{B8631CC8-24C6-4350-9A25-A42B645622EF}.Debug|Any CPU.Build.0 = Debug|Any CPU
		{B8631CC8-24C6-4350-9A25-A42B645622EF}.Release|Any CPU.ActiveCfg = Release|Any CPU
		{B8631CC8-24C6-4350-9A25-A42B645622EF}.Release|Any CPU.Build.0 = Release|Any CPU
	EndGlobalSection
	GlobalSection(SolutionProperties) = preSolution
		HideSolutionNode = FALSE
	EndGlobalSection
	GlobalSection(ExtensibilityGlobals) = postSolution
		SolutionGuid = {AF7DF4E9-9B71-4379-940D-25230C97B415}
	EndGlobalSection
EndGlobal
