
Microsoft Visual Studio Solution File, Format Version 12.00
# Visual Studio Version 17
VisualStudioVersion = 17.11.35327.3
MinimumVisualStudioVersion = 10.0.40219.1
Project("{FAE04EC0-301F-11D3-BF4B-00C04F79EFBC}") = "Assignment_5", "Assignment_5.csproj", "{79192DF1-0FC1-4CB6-A70F-8F79FC5EB856}"
EndProject
Global
	GlobalSection(SolutionConfigurationPlatforms) = preSolution
		Debug|Any CPU = Debug|Any CPU
		Release|Any CPU = Release|Any CPU
	EndGlobalSection
	GlobalSection(ProjectConfigurationPlatforms) = postSolution
		{79192DF1-0FC1-4CB6-A70F-8F79FC5EB856}.Debug|Any CPU.ActiveCfg = Debug|Any CPU
		{79192DF1-0FC1-4CB6-A70F-8F79FC5EB856}.Debug|Any CPU.Build.0 = Debug|Any CPU
		{79192DF1-0FC1-4CB6-A70F-8F79FC5EB856}.Release|Any CPU.ActiveCfg = Release|Any CPU
		{79192DF1-0FC1-4CB6-A70F-8F79FC5EB856}.Release|Any CPU.Build.0 = Release|Any CPU
	EndGlobalSection
	GlobalSection(SolutionProperties) = preSolution
		HideSolutionNode = FALSE
	EndGlobalSection
	GlobalSection(ExtensibilityGlobals) = postSolution
		SolutionGuid = {11B93BA1-43C4-4461-A1A4-FC2202AD2E6C}
	EndGlobalSection
EndGlobal
