
Microsoft Visual Studio Solution File, Format Version 12.00
# Visual Studio Version 17
VisualStudioVersion = 17.11.35327.3
MinimumVisualStudioVersion = 10.0.40219.1
Project("{FAE04EC0-301F-11D3-BF4B-00C04F79EFBC}") = "Assign_3", "Assign_3.csproj", "{8E551A9C-AED2-41D6-A6F6-D430BDEA1C87}"
EndProject
Global
	GlobalSection(SolutionConfigurationPlatforms) = preSolution
		Debug|Any CPU = Debug|Any CPU
		Release|Any CPU = Release|Any CPU
	EndGlobalSection
	GlobalSection(ProjectConfigurationPlatforms) = postSolution
		{8E551A9C-AED2-41D6-A6F6-D430BDEA1C87}.Debug|Any CPU.ActiveCfg = Debug|Any CPU
		{8E551A9C-AED2-41D6-A6F6-D430BDEA1C87}.Debug|Any CPU.Build.0 = Debug|Any CPU
		{8E551A9C-AED2-41D6-A6F6-D430BDEA1C87}.Release|Any CPU.ActiveCfg = Release|Any CPU
		{8E551A9C-AED2-41D6-A6F6-D430BDEA1C87}.Release|Any CPU.Build.0 = Release|Any CPU
	EndGlobalSection
	GlobalSection(SolutionProperties) = preSolution
		HideSolutionNode = FALSE
	EndGlobalSection
	GlobalSection(ExtensibilityGlobals) = postSolution
		SolutionGuid = {B5311904-8003-4ED4-9517-DA12B34454E8}
	EndGlobalSection
EndGlobal
