
Microsoft Visual Studio Solution File, Format Version 12.00
# Visual Studio Version 16
VisualStudioVersion = 16.0.35325.158
MinimumVisualStudioVersion = 10.0.40219.1
Project("{FAE04EC0-301F-11D3-BF4B-00C04F79EFBC}") = "WebAPI", "WebAPI.csproj", "{D7114573-BC8B-473F-BEB9-DF1638B912A0}"
EndProject
Global
	GlobalSection(SolutionConfigurationPlatforms) = preSolution
		Debug|Any CPU = Debug|Any CPU
		Release|Any CPU = Release|Any CPU
	EndGlobalSection
	GlobalSection(ProjectConfigurationPlatforms) = postSolution
		{D7114573-BC8B-473F-BEB9-DF1638B912A0}.Debug|Any CPU.ActiveCfg = Debug|Any CPU
		{D7114573-BC8B-473F-BEB9-DF1638B912A0}.Debug|Any CPU.Build.0 = Debug|Any CPU
		{D7114573-BC8B-473F-BEB9-DF1638B912A0}.Release|Any CPU.ActiveCfg = Release|Any CPU
		{D7114573-BC8B-473F-BEB9-DF1638B912A0}.Release|Any CPU.Build.0 = Release|Any CPU
	EndGlobalSection
	GlobalSection(SolutionProperties) = preSolution
		HideSolutionNode = FALSE
	EndGlobalSection
	GlobalSection(ExtensibilityGlobals) = postSolution
		SolutionGuid = {7CD7BE9C-ACAA-435C-9645-E9D57AE41B65}
	EndGlobalSection
EndGlobal
