
Microsoft Visual Studio Solution File, Format Version 12.00
# Visual Studio Version 17
VisualStudioVersion = 17.11.35327.3
MinimumVisualStudioVersion = 10.0.40219.1
Project("{FAE04EC0-301F-11D3-BF4B-00C04F79EFBC}") = "prac_7", "prac_7.csproj", "{B2A01BA0-419F-43D1-AF5A-36A57A62ADCF}"
EndProject
Global
	GlobalSection(SolutionConfigurationPlatforms) = preSolution
		Debug|Any CPU = Debug|Any CPU
		Release|Any CPU = Release|Any CPU
	EndGlobalSection
	GlobalSection(ProjectConfigurationPlatforms) = postSolution
		{B2A01BA0-419F-43D1-AF5A-36A57A62ADCF}.Debug|Any CPU.ActiveCfg = Debug|Any CPU
		{B2A01BA0-419F-43D1-AF5A-36A57A62ADCF}.Debug|Any CPU.Build.0 = Debug|Any CPU
		{B2A01BA0-419F-43D1-AF5A-36A57A62ADCF}.Release|Any CPU.ActiveCfg = Release|Any CPU
		{B2A01BA0-419F-43D1-AF5A-36A57A62ADCF}.Release|Any CPU.Build.0 = Release|Any CPU
	EndGlobalSection
	GlobalSection(SolutionProperties) = preSolution
		HideSolutionNode = FALSE
	EndGlobalSection
	GlobalSection(ExtensibilityGlobals) = postSolution
		SolutionGuid = {7284568D-3CAA-4CB0-9073-01C14F697D56}
	EndGlobalSection
EndGlobal
